// !$*UTF8*$!
{
	archiveVersion = 1;
	classes = {
	};
	objectVersion = 56;
	objects = {

/* Begin PBXBuildFile section */
		533879B0296AAC1300C6D751 /* lawappApp.swift in Sources */ = {isa = PBXBuildFile; fileRef = 533879AF296AAC1300C6D751 /* lawappApp.swift */; };
		533879B2296AAC1300C6D751 /* ContentView.swift in Sources */ = {isa = PBXBuildFile; fileRef = 533879B1296AAC1300C6D751 /* ContentView.swift */; };
		533879B4296AAC1400C6D751 /* Assets.xcassets in Resources */ = {isa = PBXBuildFile; fileRef = 533879B3296AAC1400C6D751 /* Assets.xcassets */; };
		533879B7296AAC1400C6D751 /* Preview Assets.xcassets in Resources */ = {isa = PBXBuildFile; fileRef = 533879B6296AAC1400C6D751 /* Preview Assets.xcassets */; };
		533879BE296B464D00C6D751 /* UserMapView.swift in Sources */ = {isa = PBXBuildFile; fileRef = 533879BD296B464D00C6D751 /* UserMapView.swift */; };
		533879C2296B4D3500C6D751 /* popup1.swift in Sources */ = {isa = PBXBuildFile; fileRef = 533879C1296B4D3500C6D751 /* popup1.swift */; };
		53A1987C296C791A004592B4 /* mapmodel.swift in Sources */ = {isa = PBXBuildFile; fileRef = 53A1987B296C791A004592B4 /* mapmodel.swift */; };
		53BBF3CF296EB96200737E85 /* Localizable.strings in Resources */ = {isa = PBXBuildFile; fileRef = 53BBF3D1296EB96200737E85 /* Localizable.strings */; };
/* End PBXBuildFile section */

/* Begin PBXFileReference section */
		533879AC296AAC1300C6D751 /* lawapp.app */ = {isa = PBXFileReference; explicitFileType = wrapper.application; includeInIndex = 0; path = lawapp.app; sourceTree = BUILT_PRODUCTS_DIR; };
		533879AF296AAC1300C6D751 /* lawappApp.swift */ = {isa = PBXFileReference; lastKnownFileType = sourcecode.swift; path = lawappApp.swift; sourceTree = "<group>"; };
		533879B1296AAC1300C6D751 /* ContentView.swift */ = {isa = PBXFileReference; lastKnownFileType = sourcecode.swift; path = ContentView.swift; sourceTree = "<group>"; };
		533879B3296AAC1400C6D751 /* Assets.xcassets */ = {isa = PBXFileReference; lastKnownFileType = folder.assetcatalog; path = Assets.xcassets; sourceTree = "<group>"; };
		533879B6296AAC1400C6D751 /* Preview Assets.xcassets */ = {isa = PBXFileReference; lastKnownFileType = folder.assetcatalog; path = "Preview Assets.xcassets"; sourceTree = "<group>"; };
		533879BD296B464D00C6D751 /* UserMapView.swift */ = {isa = PBXFileReference; lastKnownFileType = sourcecode.swift; path = UserMapView.swift; sourceTree = "<group>"; };
		533879C1296B4D3500C6D751 /* popup1.swift */ = {isa = PBXFileReference; lastKnownFileType = sourcecode.swift; path = popup1.swift; sourceTree = "<group>"; };
		53A1987B296C791A004592B4 /* mapmodel.swift */ = {isa = PBXFileReference; lastKnownFileType = sourcecode.swift; path = mapmodel.swift; sourceTree = "<group>"; };
		53BBF3D0296EB96200737E85 /* ar */ = {isa = PBXFileReference; lastKnownFileType = text.plist.strings; name = ar; path = ar.lproj/Localizable.strings; sourceTree = "<group>"; };
		53BBF3D2296EB96900737E85 /* en */ = {isa = PBXFileReference; lastKnownFileType = text.plist.strings; name = en; path = en.lproj/Localizable.strings; sourceTree = "<group>"; };
/* End PBXFileReference section */

/* Begin PBXFrameworksBuildPhase section */
		533879A9296AAC1300C6D751 /* Frameworks */ = {
			isa = PBXFrameworksBuildPhase;
			buildActionMask = 2147483647;
			files = (
			);
			runOnlyForDeploymentPostprocessing = 0;
		};
/* End PBXFrameworksBuildPhase section */

/* Begin PBXGroup section */
		533879A3296AAC1300C6D751 = {
			isa = PBXGroup;
			children = (
				53BBF3D1296EB96200737E85 /* Localizable.strings */,
				533879AE296AAC1300C6D751 /* lawapp */,
				533879AD296AAC1300C6D751 /* Products */,
			);
			sourceTree = "<group>";
		};
		533879AD296AAC1300C6D751 /* Products */ = {
			isa = PBXGroup;
			children = (
				533879AC296AAC1300C6D751 /* lawapp.app */,
			);
			name = Products;
			sourceTree = "<group>";
		};
		533879AE296AAC1300C6D751 /* lawapp */ = {
			isa = PBXGroup;
			children = (
				533879AF296AAC1300C6D751 /* lawappApp.swift */,
				533879B1296AAC1300C6D751 /* ContentView.swift */,
				533879BD296B464D00C6D751 /* UserMapView.swift */,
				533879C1296B4D3500C6D751 /* popup1.swift */,
				53A1987B296C791A004592B4 /* mapmodel.swift */,
				533879B3296AAC1400C6D751 /* Assets.xcassets */,
				533879B5296AAC1400C6D751 /* Preview Content */,
			);
			path = lawapp;
			sourceTree = "<group>";
		};
		533879B5296AAC1400C6D751 /* Preview Content */ = {
			isa = PBXGroup;
			children = (
				533879B6296AAC1400C6D751 /* Preview Assets.xcassets */,
			);
			path = "Preview Content";
			sourceTree = "<group>";
		};
/* End PBXGroup section */

/* Begin PBXNativeTarget section */
		533879AB296AAC1300C6D751 /* lawapp */ = {
			isa = PBXNativeTarget;
			buildConfigurationList = 533879BA296AAC1400C6D751 /* Build configuration list for PBXNativeTarget "lawapp" */;
			buildPhases = (
				533879A8296AAC1300C6D751 /* Sources */,
				533879A9296AAC1300C6D751 /* Frameworks */,
				533879AA296AAC1300C6D751 /* Resources */,
			);
			buildRules = (
			);
			dependencies = (
			);
			name = lawapp;
			packageProductDependencies = (
			);
			productName = lawapp;
			productReference = 533879AC296AAC1300C6D751 /* lawapp.app */;
			productType = "com.apple.product-type.application";
		};
/* End PBXNativeTarget section */

/* Begin PBXProject section */
		533879A4296AAC1300C6D751 /* Project object */ = {
			isa = PBXProject;
			attributes = {
				BuildIndependentTargetsInParallel = 1;
				LastSwiftUpdateCheck = 1410;
				LastUpgradeCheck = 1410;
				TargetAttributes = {
					533879AB296AAC1300C6D751 = {
						CreatedOnToolsVersion = 14.1;
					};
				};
			};
			buildConfigurationList = 533879A7296AAC1300C6D751 /* Build configuration list for PBXProject "lawapp" */;
			compatibilityVersion = "Xcode 14.0";
			developmentRegion = en;
			hasScannedForEncodings = 0;
			knownRegions = (
				en,
				Base,
				ar,
			);
			mainGroup = 533879A3296AAC1300C6D751;
			packageReferences = (
			);
			productRefGroup = 533879AD296AAC1300C6D751 /* Products */;
			projectDirPath = "";
			projectRoot = "";
			targets = (
				533879AB296AAC1300C6D751 /* lawapp */,
			);
		};
/* End PBXProject section */

/* Begin PBXResourcesBuildPhase section */
		533879AA296AAC1300C6D751 /* Resources */ = {
			isa = PBXResourcesBuildPhase;
			buildActionMask = 2147483647;
			files = (
				53BBF3CF296EB96200737E85 /* Localizable.strings in Resources */,
				533879B7296AAC1400C6D751 /* Preview Assets.xcassets in Resources */,
				533879B4296AAC1400C6D751 /* Assets.xcassets in Resources */,
			);
			runOnlyForDeploymentPostprocessing = 0;
		};
/* End PBXResourcesBuildPhase section */

/* Begin PBXSourcesBuildPhase section */
		533879A8296AAC1300C6D751 /* Sources */ = {
			isa = PBXSourcesBuildPhase;
			buildActionMask = 2147483647;
			files = (
				533879C2296B4D3500C6D751 /* popup1.swift in Sources */,
				533879BE296B464D00C6D751 /* UserMapView.swift in Sources */,
				533879B2296AAC1300C6D751 /* ContentView.swift in Sources */,
				53A1987C296C791A004592B4 /* mapmodel.swift in Sources */,
				533879B0296AAC1300C6D751 /* lawappApp.swift in Sources */,
			);
			runOnlyForDeploymentPostprocessing = 0;
		};
/* End PBXSourcesBuildPhase section */

/* Begin PBXVariantGroup section */
		53BBF3D1296EB96200737E85 /* Localizable.strings */ = {
			isa = PBXVariantGroup;
			children = (
				53BBF3D0296EB96200737E85 /* ar */,
				53BBF3D2296EB96900737E85 /* en */,
			);
			name = Localizable.strings;
			sourceTree = "<group>";
		};
/* End PBXVariantGroup section */

/* Begin XCBuildConfiguration section */
		533879B8296AAC1400C6D751 /* Debug */ = {
			isa = XCBuildConfiguration;
			buildSettings = {
				ALWAYS_SEARCH_USER_PATHS = NO;
				CLANG_ANALYZER_NONNULL = YES;
				CLANG_ANALYZER_NUMBER_OBJECT_CONVERSION = YES_AGGRESSIVE;
				CLANG_CXX_LANGUAGE_STANDARD = "gnu++20";
				CLANG_ENABLE_MODULES = YES;
				CLANG_ENABLE_OBJC_ARC = YES;
				CLANG_ENABLE_OBJC_WEAK = YES;
				CLANG_WARN_BLOCK_CAPTURE_AUTORELEASING = YES;
				CLANG_WARN_BOOL_CONVERSION = YES;
				CLANG_WARN_COMMA = YES;
				CLANG_WARN_CONSTANT_CONVERSION = YES;
				CLANG_WARN_DEPRECATED_OBJC_IMPLEMENTATIONS = YES;
				CLANG_WARN_DIRECT_OBJC_ISA_USAGE = YES_ERROR;
				CLANG_WARN_DOCUMENTATION_COMMENTS = YES;
				CLANG_WARN_EMPTY_BODY = YES;
				CLANG_WARN_ENUM_CONVERSION = YES;
				CLANG_WARN_INFINITE_RECURSION = YES;
				CLANG_WARN_INT_CONVERSION = YES;
				CLANG_WARN_NON_LITERAL_NULL_CONVERSION = YES;
				CLANG_WARN_OBJC_IMPLICIT_RETAIN_SELF = YES;
				CLANG_WARN_OBJC_LITERAL_CONVERSION = YES;
				CLANG_WARN_OBJC_ROOT_CLASS = YES_ERROR;
				CLANG_WARN_QUOTED_INCLUDE_IN_FRAMEWORK_HEADER = YES;
				CLANG_WARN_RANGE_LOOP_ANALYSIS = YES;
				CLANG_WARN_STRICT_PROTOTYPES = YES;
				CLANG_WARN_SUSPICIOUS_MOVE = YES;
				CLANG_WARN_UNGUARDED_AVAILABILITY = YES_AGGRESSIVE;
				CLANG_WARN_UNREACHABLE_CODE = YES;
				CLANG_WARN__DUPLICATE_METHOD_MATCH = YES;
				COPY_PHASE_STRIP = NO;
				DEBUG_INFORMATION_FORMAT = dwarf;
				ENABLE_STRICT_OBJC_MSGSEND = YES;
				ENABLE_TESTABILITY = YES;
				GCC_C_LANGUAGE_STANDARD = gnu11;
				GCC_DYNAMIC_NO_PIC = NO;
				GCC_NO_COMMON_BLOCKS = YES;
				GCC_OPTIMIZATION_LEVEL = 0;
				GCC_PREPROCESSOR_DEFINITIONS = (
					"DEBUG=1",
					"$(inherited)",
				);
				GCC_WARN_64_TO_32_BIT_CONVERSION = YES;
				GCC_WARN_ABOUT_RETURN_TYPE = YES_ERROR;
				GCC_WARN_UNDECLARED_SELECTOR = YES;
				GCC_WARN_UNINITIALIZED_AUTOS = YES_AGGRESSIVE;
				GCC_WARN_UNUSED_FUNCTION = YES;
				GCC_WARN_UNUSED_VARIABLE = YES;
				IPHONEOS_DEPLOYMENT_TARGET = 16.1;
				MTL_ENABLE_DEBUG_INFO = INCLUDE_SOURCE;
				MTL_FAST_MATH = YES;
				ONLY_ACTIVE_ARCH = YES;
				SDKROOT = iphoneos;
				SWIFT_ACTIVE_COMPILATION_CONDITIONS = DEBUG;
				SWIFT_OPTIMIZATION_LEVEL = "-Onone";
			};
			name = Debug;
		};
		533879B9296AAC1400C6D751 /* Release */ = {
			isa = XCBuildConfiguration;
			buildSettings = {
				ALWAYS_SEARCH_USER_PATHS = NO;
				CLANG_ANALYZER_NONNULL = YES;
				CLANG_ANALYZER_NUMBER_OBJECT_CONVERSION = YES_AGGRESSIVE;
				CLANG_CXX_LANGUAGE_STANDARD = "gnu++20";
				CLANG_ENABLE_MODULES = YES;
				CLANG_ENABLE_OBJC_ARC = YES;
				CLANG_ENABLE_OBJC_WEAK = YES;
				CLANG_WARN_BLOCK_CAPTURE_AUTORELEASING = YES;
				CLANG_WARN_BOOL_CONVERSION = YES;
				CLANG_WARN_COMMA = YES;
				CLANG_WARN_CONSTANT_CONVERSION = YES;
				CLANG_WARN_DEPRECATED_OBJC_IMPLEMENTATIONS = YES;
				CLANG_WARN_DIRECT_OBJC_ISA_USAGE = YES_ERROR;
				CLANG_WARN_DOCUMENTATION_COMMENTS = YES;
				CLANG_WARN_EMPTY_BODY = YES;
				CLANG_WARN_ENUM_CONVERSION = YES;
				CLANG_WARN_INFINITE_RECURSION = YES;
				CLANG_WARN_INT_CONVERSION = YES;
				CLANG_WARN_NON_LITERAL_NULL_CONVERSION = YES;
				CLANG_WARN_OBJC_IMPLICIT_RETAIN_SELF = YES;
				CLANG_WARN_OBJC_LITERAL_CONVERSION = YES;
				CLANG_WARN_OBJC_ROOT_CLASS = YES_ERROR;
				CLANG_WARN_QUOTED_INCLUDE_IN_FRAMEWORK_HEADER = YES;
				CLANG_WARN_RANGE_LOOP_ANALYSIS = YES;
				CLANG_WARN_STRICT_PROTOTYPES = YES;
				CLANG_WARN_SUSPICIOUS_MOVE = YES;
				CLANG_WARN_UNGUARDED_AVAILABILITY = YES_AGGRESSIVE;
				CLANG_WARN_UNREACHABLE_CODE = YES;
				CLANG_WARN__DUPLICATE_METHOD_MATCH = YES;
				COPY_PHASE_STRIP = NO;
				DEBUG_INFORMATION_FORMAT = "dwarf-with-dsym";
				ENABLE_NS_ASSERTIONS = NO;
				ENABLE_STRICT_OBJC_MSGSEND = YES;
				GCC_C_LANGUAGE_STANDARD = gnu11;
				GCC_NO_COMMON_BLOCKS = YES;
				GCC_WARN_64_TO_32_BIT_CONVERSION = YES;
				GCC_WARN_ABOUT_RETURN_TYPE = YES_ERROR;
				GCC_WARN_UNDECLARED_SELECTOR = YES;
				GCC_WARN_UNINITIALIZED_AUTOS = YES_AGGRESSIVE;
				GCC_WARN_UNUSED_FUNCTION = YES;
				GCC_WARN_UNUSED_VARIABLE = YES;
				IPHONEOS_DEPLOYMENT_TARGET = 16.1;
				MTL_ENABLE_DEBUG_INFO = NO;
				MTL_FAST_MATH = YES;
				SDKROOT = iphoneos;
				SWIFT_COMPILATION_MODE = wholemodule;
				SWIFT_OPTIMIZATION_LEVEL = "-O";
				VALIDATE_PRODUCT = YES;
			};
			name = Release;
		};
		533879BB296AAC1400C6D751 /* Debug */ = {
			isa = XCBuildConfiguration;
			buildSettings = {
				ASSETCATALOG_COMPILER_APPICON_NAME = AppIcon;
				ASSETCATALOG_COMPILER_GLOBAL_ACCENT_COLOR_NAME = AccentColor;
				CODE_SIGN_STYLE = Automatic;
				CURRENT_PROJECT_VERSION = 1;
				DEVELOPMENT_ASSET_PATHS = "\"lawapp/Preview Content\"";
				DEVELOPMENT_TEAM = XYBHCR9RV9;
				ENABLE_PREVIEWS = YES;
				GENERATE_INFOPLIST_FILE = YES;
				INFOPLIST_KEY_UIApplicationSceneManifest_Generation = YES;
				INFOPLIST_KEY_UIApplicationSupportsIndirectInputEvents = YES;
				INFOPLIST_KEY_UILaunchScreen_Generation = YES;
				INFOPLIST_KEY_UISupportedInterfaceOrientations_iPad = "UIInterfaceOrientationPortrait UIInterfaceOrientationPortraitUpsideDown UIInterfaceOrientationLandscapeLeft UIInterfaceOrientationLandscapeRight";
				INFOPLIST_KEY_UISupportedInterfaceOrientations_iPhone = "UIInterfaceOrientationPortrait UIInterfaceOrientationLandscapeLeft UIInterfaceOrientationLandscapeRight";
				LD_RUNPATH_SEARCH_PATHS = (
					"$(inherited)",
					"@executable_path/Frameworks",
				);
				MARKETING_VERSION = 1.0;
				PRODUCT_BUNDLE_IDENTIFIER = com.rana.lawapp;
				PRODUCT_NAME = "$(TARGET_NAME)";
				SWIFT_EMIT_LOC_STRINGS = YES;
				SWIFT_VERSION = 5.0;
				TARGETED_DEVICE_FAMILY = "1,2";
			};
			name = Debug;
		};
		533879BC296AAC1400C6D751 /* Release */ = {
			isa = XCBuildConfiguration;
			buildSettings = {
				ASSETCATALOG_COMPILER_APPICON_NAME = AppIcon;
				ASSETCATALOG_COMPILER_GLOBAL_ACCENT_COLOR_NAME = AccentColor;
				CODE_SIGN_STYLE = Automatic;
				CURRENT_PROJECT_VERSION = 1;
				DEVELOPMENT_ASSET_PATHS = "\"lawapp/Preview Content\"";
				DEVELOPMENT_TEAM = XYBHCR9RV9;
				ENABLE_PREVIEWS = YES;
				GENERATE_INFOPLIST_FILE = YES;
				INFOPLIST_KEY_UIApplicationSceneManifest_Generation = YES;
				INFOPLIST_KEY_UIApplicationSupportsIndirectInputEvents = YES;
				INFOPLIST_KEY_UILaunchScreen_Generation = YES;
				INFOPLIST_KEY_UISupportedInterfaceOrientations_iPad = "UIInterfaceOrientationPortrait UIInterfaceOrientationPortraitUpsideDown UIInterfaceOrientationLandscapeLeft UIInterfaceOrientationLandscapeRight";
				INFOPLIST_KEY_UISupportedInterfaceOrientations_iPhone = "UIInterfaceOrientationPortrait UIInterfaceOrientationLandscapeLeft UIInterfaceOrientationLandscapeRight";
				LD_RUNPATH_SEARCH_PATHS = (
					"$(inherited)",
					"@executable_path/Frameworks",
				);
				MARKETING_VERSION = 1.0;
				PRODUCT_BUNDLE_IDENTIFIER = com.rana.lawapp;
				PRODUCT_NAME = "$(TARGET_NAME)";
				SWIFT_EMIT_LOC_STRINGS = YES;
				SWIFT_VERSION = 5.0;
				TARGETED_DEVICE_FAMILY = "1,2";
			};
			name = Release;
		};
/* End XCBuildConfiguration section */

/* Begin XCConfigurationList section */
		533879A7296AAC1300C6D751 /* Build configuration list for PBXProject "lawapp" */ = {
			isa = XCConfigurationList;
			buildConfigurations = (
				533879B8296AAC1400C6D751 /* Debug */,
				533879B9296AAC1400C6D751 /* Release */,
			);
			defaultConfigurationIsVisible = 0;
			defaultConfigurationName = Release;
		};
		533879BA296AAC1400C6D751 /* Build configuration list for PBXNativeTarget "lawapp" */ = {
			isa = XCConfigurationList;
			buildConfigurations = (
				533879BB296AAC1400C6D751 /* Debug */,
				533879BC296AAC1400C6D751 /* Release */,
			);
			defaultConfigurationIsVisible = 0;
			defaultConfigurationName = Release;
		};
/* End XCConfigurationList section */
	};
	rootObject = 533879A4296AAC1300C6D751 /* Project object */;
}
